{
    "_readme": [
        "This file locks the dependencies of your project to a known state",
        "Read more about it at https://getcomposer.org/doc/01-basic-usage.md#composer-lock-the-lock-file",
        "This file is @generated automatically"
    ],
    "hash": "de2960969c4424b8cc3a311ba37e36a3",
    "packages": [
        {
            "name": "composer/installers",
            "version": "v1.0.12",
            "source": {
                "type": "git",
                "url": "https://github.com/composer/installers.git",
                "reference": "4127333b03e8b4c08d081958548aae5419d1a2fa"
            },
            "dist": {
                "type": "zip",
                "url": "https://api.github.com/repos/composer/installers/zipball/4127333b03e8b4c08d081958548aae5419d1a2fa",
                "reference": "4127333b03e8b4c08d081958548aae5419d1a2fa",
                "shasum": ""
            },
            "replace": {
                "shama/baton": "*"
            },
            "require-dev": {
                "composer/composer": "1.0.*@dev",
                "phpunit/phpunit": "3.7.*"
            },
            "type": "composer-installer",
            "extra": {
                "class": "Composer\\Installers\\Installer",
                "branch-alias": {
                    "dev-master": "1.0-dev"
                }
            },
            "autoload": {
                "psr-0": {
                    "Composer\\Installers\\": "src/"
                }
            },
            "notification-url": "https://packagist.org/downloads/",
            "license": [
                "MIT"
            ],
            "authors": [
                {
                    "name": "Kyle Robinson Young",
                    "email": "kyle@dontkry.com",
                    "homepage": "https://github.com/shama",
                    "role": "Developer"
                }
            ],
            "description": "A multi-framework Composer library installer",
            "homepage": "http://composer.github.com/installers/",
            "keywords": [
                "Craft",
                "Hurad",
                "MODX Evo",
                "OXID",
                "WolfCMS",
                "agl",
                "annotatecms",
                "cakephp",
                "codeigniter",
                "concrete5",
                "croogo",
                "drupal",
                "elgg",
                "fuelphp",
                "installer",
                "joomla",
                "kohana",
                "laravel",
                "lithium",
                "magento",
                "mako",
                "mediawiki",
                "modulework",
                "phpbb",
                "piwik",
                "ppi",
                "shopware",
                "silverstripe",
                "symfony",
                "typo3",
                "wordpress",
                "zend",
                "zikula"
            ],
            "time": "2014-02-24 04:21:34"
        },
        {
            "name": "digitalunited/components",
            "version": "0.1.15",
            "source": {
                "type": "git",
                "url": "https://github.com/digitalunited/components.git",
                "reference": "7b0480970db67a0f820ea9d80651c325359a6652"
            },
            "dist": {
                "type": "zip",
                "url": "https://api.github.com/repos/digitalunited/components/zipball/7b0480970db67a0f820ea9d80651c325359a6652",
                "reference": "7b0480970db67a0f820ea9d80651c325359a6652",
                "shasum": ""
            },
            "require": {
                "composer/installers": "~1.0",
                "php": ">=5.4"
            },
            "type": "wordpress-plugin",
            "autoload": {
                "psr-4": {
                    "DigitalUnited\\Components\\": "src/Components"
                }
            },
            "notification-url": "https://packagist.org/downloads/",
            "license": [
                "MIT"
            ],
            "authors": [
                {
                    "name": "Mikael Engström",
                    "email": "mikael.engstrom@careofhaus.se",
                    "homepage": "http://careofhaus.se"
                }
            ],
            "description": "Component manager",
            "homepage": "https://github.com/digitalunited/components",
            "keywords": [
                "plugin",
                "wordpress"
            ],
            "time": "2015-05-21 09:11:51"
        },
        {
            "name": "digitalunited/du-responsive-images",
            "version": "0.0.11",
            "source": {
                "type": "git",
                "url": "https://github.com/digitalunited/du-responsive-images.git",
                "reference": "3c26f1f0b444f1bf6d2add5dc902a6b30a70f5fe"
            },
            "dist": {
                "type": "zip",
                "url": "https://api.github.com/repos/digitalunited/du-responsive-images/zipball/3c26f1f0b444f1bf6d2add5dc902a6b30a70f5fe",
                "reference": "3c26f1f0b444f1bf6d2add5dc902a6b30a70f5fe",
                "shasum": ""
            },
            "require": {
                "composer/installers": "~1.0",
                "php": ">=5.4"
            },
            "type": "wordpress-plugin",
            "autoload": {
                "psr-4": {
                    "DigitalUnited\\ResponsiveImages\\": "src/ResponsiveImages"
                }
            },
            "notification-url": "https://packagist.org/downloads/",
            "license": [
                "MIT"
            ],
            "authors": [
                {
                    "name": "Tim Samuelsson",
                    "email": "tim@careofhaus.se",
                    "homepage": "http://careofhaus.se"
                }
            ],
            "description": "Responsive Images for Developers",
            "homepage": "https://github.com/digitalunited/du-responsive-images",
            "keywords": [
                "Responsive Images",
                "plugin",
                "wordpress"
            ],
            "time": "2015-09-17 12:34:36"
        },
        {
            "name": "digitalunited/vc-clean-up",
            "version": "0.0.12",
            "source": {
                "type": "git",
                "url": "https://github.com/digitalunited/vc-clean-up.git",
                "reference": "31b84638ae091fa30e0696c2a516c66d9fee246f"
            },
            "dist": {
                "type": "zip",
                "url": "https://api.github.com/repos/digitalunited/vc-clean-up/zipball/31b84638ae091fa30e0696c2a516c66d9fee246f",
                "reference": "31b84638ae091fa30e0696c2a516c66d9fee246f",
                "shasum": ""
            },
            "require": {
                "composer/installers": "~1.0",
                "php": ">=5.4"
            },
            "type": "wordpress-plugin",
            "autoload": {
                "psr-4": {
                    "DigitalUnited\\VcCleanUp\\": "src/VcCleanUp"
                }
            },
            "notification-url": "https://packagist.org/downloads/",
            "license": [
                "MIT"
            ],
            "authors": [
                {
                    "name": "Tim Samuelsson",
                    "email": "tim.samuelsson@careofhaus.se",
                    "homepage": "http://careofhaus.se"
                }
            ],
            "description": "Visual Composer CleanUp",
            "homepage": "https://github.com/digitalunited/VisualComposerCleanUp",
            "keywords": [
                "VisualComposer",
                "plugin",
                "wordpress"
            ],
            "time": "2015-09-07 08:02:46"
        },
        {
            "name": "digitalunited/wordpress-clean-up",
            "version": "0.0.3",
            "source": {
                "type": "git",
                "url": "https://github.com/digitalunited/wordpress-clean-up.git",
                "reference": "4b13a69812d8a736c6cb4e6846f3bdb4975f016f"
            },
            "dist": {
                "type": "zip",
                "url": "https://api.github.com/repos/digitalunited/wordpress-clean-up/zipball/4b13a69812d8a736c6cb4e6846f3bdb4975f016f",
                "reference": "4b13a69812d8a736c6cb4e6846f3bdb4975f016f",
                "shasum": ""
            },
            "require": {
                "composer/installers": "~1.0",
                "php": ">=5.4"
            },
            "type": "wordpress-plugin",
            "autoload": {
                "psr-4": {
                    "DigitalUnited\\WpCleanUp\\": "src/WpCleanUp"
                }
            },
            "notification-url": "https://packagist.org/downloads/",
            "license": [
                "MIT"
            ],
            "authors": [
                {
                    "name": "Lucas Andersson",
                    "email": "lucas@careofhaus.se",
                    "homepage": "http://careofhaus.se"
                }
            ],
            "description": "WordPress Clean up",
            "homepage": "https://github.com/digitalunited/wordpress-clean-up",
            "keywords": [
                "cleanup",
                "plugin",
                "wordpress"
            ],
            "time": "2015-09-25 06:09:43"
        },
        {
            "name": "johnpbloch/wordpress",
            "version": "4.3.1",
            "source": {
                "type": "git",
                "url": "https://github.com/johnpbloch/wordpress.git",
                "reference": "cfcf25eb42baeb7316a61c7a64e9a1ab3e291f2f"
            },
            "dist": {
                "type": "zip",
                "url": "https://api.github.com/repos/johnpbloch/wordpress/zipball/cfcf25eb42baeb7316a61c7a64e9a1ab3e291f2f",
                "reference": "cfcf25eb42baeb7316a61c7a64e9a1ab3e291f2f",
                "shasum": ""
            },
            "require": {
                "johnpbloch/wordpress-core-installer": "~0.2",
                "php": ">=5.3.2"
            },
            "type": "wordpress-core",
            "notification-url": "https://packagist.org/downloads/",
            "license": [
                "GPL-2.0+"
            ],
            "authors": [
                {
                    "name": "WordPress Community",
                    "homepage": "http://wordpress.org/about/"
                }
            ],
            "description": "WordPress is web software you can use to create a beautiful website or blog.",
            "homepage": "http://wordpress.org/",
            "keywords": [
                "blog",
                "cms"
            ],
            "time": "2015-09-15 15:01:23"
        },
        {
            "name": "johnpbloch/wordpress-core-installer",
            "version": "0.2.1",
            "source": {
                "type": "git",
                "url": "https://github.com/johnpbloch/wordpress-core-installer.git",
                "reference": "a04c2c383ef13aae077f36799ed2eafdebd618d2"
            },
            "dist": {
                "type": "zip",
                "url": "https://api.github.com/repos/johnpbloch/wordpress-core-installer/zipball/a04c2c383ef13aae077f36799ed2eafdebd618d2",
                "reference": "a04c2c383ef13aae077f36799ed2eafdebd618d2",
                "shasum": ""
            },
            "require": {
                "composer-plugin-api": "^1.0"
            },
            "conflict": {
                "composer/installers": "<1.0.6"
            },
            "require-dev": {
                "composer/composer": "1.0.*@dev"
            },
            "type": "composer-plugin",
            "extra": {
                "class": "johnpbloch\\Composer\\WordPressCorePlugin"
            },
            "autoload": {
                "psr-0": {
                    "johnpbloch\\Composer\\": "src/"
                }
            },
            "notification-url": "https://packagist.org/downloads/",
            "license": [
                "GPL-2.0+"
            ],
            "authors": [
                {
                    "name": "John P. Bloch",
                    "email": "me@johnpbloch.com"
                }
            ],
            "description": "A custom installer to handle deploying WordPress with composer",
            "keywords": [
                "wordpress"
            ],
            "time": "2015-06-11 15:15:30"
        },
        {
            "name": "roots/soil",
            "version": "3.5.0",
            "source": {
                "type": "git",
                "url": "https://github.com/roots/soil.git",
                "reference": "4e9ad4562e1592c49f1f3a26c4dad1e00500c0c0"
            },
            "dist": {
                "type": "zip",
                "url": "https://api.github.com/repos/roots/soil/zipball/4e9ad4562e1592c49f1f3a26c4dad1e00500c0c0",
                "reference": "4e9ad4562e1592c49f1f3a26c4dad1e00500c0c0",
                "shasum": ""
            },
            "require": {
                "composer/installers": "~1.0",
                "php": ">=5.4.0"
            },
            "type": "wordpress-plugin",
            "notification-url": "https://packagist.org/downloads/",
            "license": [
                "MIT"
            ],
            "authors": [
                {
                    "name": "Scott Walkinshaw",
                    "email": "scott.walkinshaw@gmail.com",
                    "homepage": "https://github.com/swalkinshaw"
                },
                {
                    "name": "Ben Word",
                    "email": "ben@benword.com",
                    "homepage": "https://github.com/retlehs"
                }
            ],
            "description": "A WordPress plugin which contains a collection of modules to apply theme-agnostic front-end modifications",
            "homepage": "https://roots.io/plugins/soil/",
            "keywords": [
                "wordpress"
            ],
            "time": "2015-09-24 17:30:00"
        },
        {
            "name": "vlucas/phpdotenv",
            "version": "v1.0.9",
            "source": {
                "type": "git",
                "url": "https://github.com/vlucas/phpdotenv.git",
                "reference": "56c252d48dce336da97926591aed71805203815b"
            },
            "dist": {
                "type": "zip",
                "url": "https://api.github.com/repos/vlucas/phpdotenv/zipball/56c252d48dce336da97926591aed71805203815b",
                "reference": "56c252d48dce336da97926591aed71805203815b",
                "shasum": ""
            },
            "require": {
                "php": ">=5.3.2"
            },
            "require-dev": {
                "phpunit/phpunit": "~4.0"
            },
            "type": "library",
            "extra": {
                "branch-alias": {
                    "dev-master": "1.0-dev"
                }
            },
            "autoload": {
                "psr-0": {
                    "Dotenv": "src/"
                }
            },
            "notification-url": "https://packagist.org/downloads/",
            "license": [
                "BSD"
            ],
            "authors": [
                {
                    "name": "Vance Lucas",
                    "email": "vance@vancelucas.com",
                    "homepage": "http://www.vancelucas.com"
                }
            ],
            "description": "Loads environment variables from `.env` to `getenv()`, `$_ENV` and `$_SERVER` automagically.",
            "homepage": "http://github.com/vlucas/phpdotenv",
            "keywords": [
                "dotenv",
                "env",
                "environment"
            ],
            "time": "2014-10-16 14:50:21"
        },
        {
            "name": "wpackagist-plugin/cms-tree-page-view",
            "version": "1.2.32",
            "source": {
                "type": "svn",
                "url": "http://plugins.svn.wordpress.org/cms-tree-page-view/",
                "reference": "tags/1.2.32"
            },
            "dist": {
                "type": "zip",
                "url": "https://downloads.wordpress.org/plugin/cms-tree-page-view.1.2.32.zip",
                "reference": null,
                "shasum": null
            },
            "require": {
                "composer/installers": "~1.0"
            },
            "type": "wordpress-plugin",
            "homepage": "https://wordpress.org/plugins/cms-tree-page-view/"
        },
        {
            "name": "wpackagist-plugin/debug-bar",
            "version": "0.8.2",
            "source": {
                "type": "svn",
                "url": "http://plugins.svn.wordpress.org/debug-bar/",
                "reference": "tags/0.8.2"
            },
            "dist": {
                "type": "zip",
                "url": "https://downloads.wordpress.org/plugin/debug-bar.0.8.2.zip",
                "reference": null,
                "shasum": null
            },
            "require": {
                "composer/installers": "~1.0"
            },
            "type": "wordpress-plugin",
            "homepage": "https://wordpress.org/plugins/debug-bar/"
        },
        {
            "name": "wpackagist-plugin/disable-comments",
            "version": "1.3.2",
            "source": {
                "type": "svn",
                "url": "http://plugins.svn.wordpress.org/disable-comments/",
                "reference": "tags/1.3.2"
            },
            "dist": {
                "type": "zip",
                "url": "https://downloads.wordpress.org/plugin/disable-comments.1.3.2.zip",
                "reference": null,
                "shasum": null
            },
            "require": {
                "composer/installers": "~1.0"
            },
            "type": "wordpress-plugin",
            "homepage": "https://wordpress.org/plugins/disable-comments/"
        },
        {
            "name": "wpackagist-plugin/filenames-to-latin",
            "version": "2.0",
            "source": {
                "type": "svn",
                "url": "http://plugins.svn.wordpress.org/filenames-to-latin/",
                "reference": "tags/2.0"
            },
            "dist": {
                "type": "zip",
                "url": "https://downloads.wordpress.org/plugin/filenames-to-latin.2.0.zip",
                "reference": null,
                "shasum": null
            },
            "require": {
                "composer/installers": "~1.0"
            },
            "type": "wordpress-plugin",
            "homepage": "https://wordpress.org/plugins/filenames-to-latin/"
        },
        {
            "name": "wpackagist-plugin/google-analytics-for-wordpress",
            "version": "5.4.6",
            "source": {
                "type": "svn",
                "url": "http://plugins.svn.wordpress.org/google-analytics-for-wordpress/",
                "reference": "tags/5.4.6"
            },
            "dist": {
                "type": "zip",
                "url": "https://downloads.wordpress.org/plugin/google-analytics-for-wordpress.5.4.6.zip",
                "reference": null,
                "shasum": null
            },
            "require": {
                "composer/installers": "~1.0"
            },
            "type": "wordpress-plugin",
            "homepage": "https://wordpress.org/plugins/google-analytics-for-wordpress/"
        },
        {
            "name": "wpackagist-plugin/redirection",
            "version": "2.4.2",
            "source": {
                "type": "svn",
                "url": "http://plugins.svn.wordpress.org/redirection/",
                "reference": "tags/2.4.2"
            },
            "dist": {
                "type": "zip",
                "url": "https://downloads.wordpress.org/plugin/redirection.2.4.2.zip",
                "reference": null,
                "shasum": null
            },
            "require": {
                "composer/installers": "~1.0"
            },
            "type": "wordpress-plugin",
            "homepage": "https://wordpress.org/plugins/redirection/"
        },
        {
            "name": "wpackagist-plugin/w3-total-cache",
            "version": "0.9.4.1",
            "source": {
                "type": "svn",
                "url": "http://plugins.svn.wordpress.org/w3-total-cache/",
                "reference": "tags/0.9.4.1"
            },
            "dist": {
                "type": "zip",
                "url": "https://downloads.wordpress.org/plugin/w3-total-cache.0.9.4.1.zip",
                "reference": null,
                "shasum": null
            },
            "require": {
                "composer/installers": "~1.0"
            },
            "type": "wordpress-plugin",
            "homepage": "https://wordpress.org/plugins/w3-total-cache/"
        },
        {
            "name": "wpackagist-plugin/wordpress-seo",
            "version": "2.3.5",
            "source": {
                "type": "svn",
                "url": "http://plugins.svn.wordpress.org/wordpress-seo/",
                "reference": "tags/2.3.5"
            },
            "dist": {
                "type": "zip",
                "url": "https://downloads.wordpress.org/plugin/wordpress-seo.2.3.5.zip",
                "reference": null,
                "shasum": null
            },
            "require": {
                "composer/installers": "~1.0"
            },
            "type": "wordpress-plugin",
            "homepage": "https://wordpress.org/plugins/wordpress-seo/"
        },
        {
            "name": "wpackagist-plugin/wp-fail2ban",
            "version": "2.3.0",
            "source": {
                "type": "svn",
                "url": "http://plugins.svn.wordpress.org/wp-fail2ban/",
                "reference": "tags/2.3.0"
            },
            "dist": {
                "type": "zip",
                "url": "https://downloads.wordpress.org/plugin/wp-fail2ban.2.3.0.zip",
                "reference": null,
                "shasum": null
            },
            "require": {
                "composer/installers": "~1.0"
            },
            "type": "wordpress-plugin",
            "homepage": "https://wordpress.org/plugins/wp-fail2ban/"
        }
    ],
    "packages-dev": [],
    "aliases": [],
    "minimum-stability": "stable",
    "stability-flags": [],
    "prefer-stable": false,
    "prefer-lowest": false,
    "platform": {
        "php": ">=5.4"
    },
    "platform-dev": []
}
