{
    "_readme": [
        "This file locks the dependencies of your project to a known state",
        "Read more about it at https://getcomposer.org/doc/01-basic-usage.md#composer-lock-the-lock-file",
        "This file is @generated automatically"
    ],
    "hash": "819090a2ebf9a19a8cbfb45739a4ed97",
    "content-hash": "75aa0df4643476665c05b44ba2746fc5",
    "packages": [
        {
            "name": "careofhaus/advanced-custom-fields-pro",
            "version": "dev-master",
            "source": {
                "type": "git",
                "url": "git@bitbucket.org:careofhaus/advanced-custom-fields-pro.git",
                "reference": "master"
            },
            "type": "wordpress-plugin",
            "time": "2015-11-19 07:47:42"
        },
        {
            "name": "careofhaus/gravityforms",
            "version": "dev-master",
            "source": {
                "type": "git",
                "url": "git@bitbucket.org:careofhaus/gravityforms.git",
                "reference": "master"
            },
            "type": "wordpress-plugin",
            "time": "2015-11-19 07:49:27"
        },
        {
            "name": "careofhaus/visual-composer",
            "version": "dev-master",
            "source": {
                "type": "git",
                "url": "git@bitbucket.org:careofhaus/visual-composer.git",
                "reference": "master"
            },
            "type": "wordpress-plugin",
            "time": "2015-10-27 08:22:17"
        },
        {
            "name": "composer/installers",
            "version": "v1.0.12",
            "source": {
                "type": "git",
                "url": "https://github.com/composer/installers.git",
                "reference": "4127333b03e8b4c08d081958548aae5419d1a2fa"
            },
            "dist": {
                "type": "zip",
                "url": "https://api.github.com/repos/composer/installers/zipball/4127333b03e8b4c08d081958548aae5419d1a2fa",
                "reference": "4127333b03e8b4c08d081958548aae5419d1a2fa",
                "shasum": ""
            },
            "replace": {
                "shama/baton": "*"
            },
            "require-dev": {
                "composer/composer": "1.0.*@dev",
                "phpunit/phpunit": "3.7.*"
            },
            "type": "composer-installer",
            "extra": {
                "class": "Composer\\Installers\\Installer",
                "branch-alias": {
                    "dev-master": "1.0-dev"
                }
            },
            "autoload": {
                "psr-0": {
                    "Composer\\Installers\\": "src/"
                }
            },
            "notification-url": "https://packagist.org/downloads/",
            "license": [
                "MIT"
            ],
            "authors": [
                {
                    "name": "Kyle Robinson Young",
                    "email": "kyle@dontkry.com",
                    "homepage": "https://github.com/shama",
                    "role": "Developer"
                }
            ],
            "description": "A multi-framework Composer library installer",
            "homepage": "http://composer.github.com/installers/",
            "keywords": [
                "Craft",
                "Hurad",
                "MODX Evo",
                "OXID",
                "WolfCMS",
                "agl",
                "annotatecms",
                "cakephp",
                "codeigniter",
                "concrete5",
                "croogo",
                "drupal",
                "elgg",
                "fuelphp",
                "installer",
                "joomla",
                "kohana",
                "laravel",
                "lithium",
                "magento",
                "mako",
                "mediawiki",
                "modulework",
                "phpbb",
                "piwik",
                "ppi",
                "shopware",
                "silverstripe",
                "symfony",
                "typo3",
                "wordpress",
                "zend",
                "zikula"
            ],
            "time": "2014-02-24 04:21:34"
        },
        {
            "name": "digitalunited/components",
            "version": "0.1.21",
            "source": {
                "type": "git",
                "url": "https://github.com/digitalunited/components.git",
                "reference": "589731bc712b88a3b7150f55961f68a0db70779c"
            },
            "dist": {
                "type": "zip",
                "url": "https://api.github.com/repos/digitalunited/components/zipball/589731bc712b88a3b7150f55961f68a0db70779c",
                "reference": "589731bc712b88a3b7150f55961f68a0db70779c",
                "shasum": ""
            },
            "require": {
                "composer/installers": "~1.0",
                "php": ">=5.4"
            },
            "type": "wordpress-plugin",
            "autoload": {
                "psr-4": {
                    "DigitalUnited\\Components\\": "src/Components"
                }
            },
            "notification-url": "https://packagist.org/downloads/",
            "license": [
                "MIT"
            ],
            "authors": [
                {
                    "name": "Mikael Engström",
                    "email": "mikael.engstrom@careofhaus.se",
                    "homepage": "http://careofhaus.se"
                }
            ],
            "description": "Component manager",
            "homepage": "https://github.com/digitalunited/components",
            "keywords": [
                "plugin",
                "wordpress"
            ],
            "time": "2016-01-25 07:24:07"
        },
        {
            "name": "digitalunited/du-responsive-images",
            "version": "0.0.14",
            "source": {
                "type": "git",
                "url": "https://github.com/digitalunited/du-responsive-images.git",
                "reference": "5c62067087207e3b1d6a603cea28d374a2651531"
            },
            "dist": {
                "type": "zip",
                "url": "https://api.github.com/repos/digitalunited/du-responsive-images/zipball/5c62067087207e3b1d6a603cea28d374a2651531",
                "reference": "5c62067087207e3b1d6a603cea28d374a2651531",
                "shasum": ""
            },
            "require": {
                "composer/installers": "~1.0",
                "php": ">=5.4"
            },
            "type": "wordpress-plugin",
            "autoload": {
                "psr-4": {
                    "DigitalUnited\\ResponsiveImages\\": "src/ResponsiveImages"
                }
            },
            "notification-url": "https://packagist.org/downloads/",
            "license": [
                "MIT"
            ],
            "authors": [
                {
                    "name": "Tim Samuelsson",
                    "email": "tim@careofhaus.se",
                    "homepage": "http://careofhaus.se"
                }
            ],
            "description": "Responsive Images for Developers",
            "homepage": "https://github.com/digitalunited/du-responsive-images",
            "keywords": [
                "Responsive Images",
                "plugin",
                "wordpress"
            ],
            "time": "2016-02-15 20:46:13"
        },
        {
            "name": "digitalunited/vc-clean-up",
            "version": "0.0.16",
            "source": {
                "type": "git",
                "url": "https://github.com/digitalunited/vc-clean-up.git",
                "reference": "c4b4bb16f77c4b21672377221e51d5269444669a"
            },
            "dist": {
                "type": "zip",
                "url": "https://api.github.com/repos/digitalunited/vc-clean-up/zipball/c4b4bb16f77c4b21672377221e51d5269444669a",
                "reference": "c4b4bb16f77c4b21672377221e51d5269444669a",
                "shasum": ""
            },
            "require": {
                "composer/installers": "~1.0",
                "php": ">=5.4"
            },
            "type": "wordpress-plugin",
            "autoload": {
                "psr-4": {
                    "DigitalUnited\\VcCleanUp\\": "src/VcCleanUp"
                }
            },
            "notification-url": "https://packagist.org/downloads/",
            "license": [
                "MIT"
            ],
            "authors": [
                {
                    "name": "Tim Samuelsson",
                    "email": "tim.samuelsson@careofhaus.se",
                    "homepage": "http://careofhaus.se"
                }
            ],
            "description": "Visual Composer CleanUp",
            "homepage": "https://github.com/digitalunited/VisualComposerCleanUp",
            "keywords": [
                "VisualComposer",
                "plugin",
                "wordpress"
            ],
            "time": "2016-02-10 14:59:31"
        },
        {
            "name": "digitalunited/wordpress-clean-up",
            "version": "0.0.4",
            "source": {
                "type": "git",
                "url": "https://github.com/digitalunited/wordpress-clean-up.git",
                "reference": "de34b93d20c1addf6fa7d7af6f12272a9aeb3d53"
            },
            "dist": {
                "type": "zip",
                "url": "https://api.github.com/repos/digitalunited/wordpress-clean-up/zipball/de34b93d20c1addf6fa7d7af6f12272a9aeb3d53",
                "reference": "de34b93d20c1addf6fa7d7af6f12272a9aeb3d53",
                "shasum": ""
            },
            "require": {
                "composer/installers": "~1.0",
                "php": ">=5.4"
            },
            "type": "wordpress-plugin",
            "autoload": {
                "psr-4": {
                    "DigitalUnited\\WpCleanUp\\": "src/WpCleanUp"
                }
            },
            "notification-url": "https://packagist.org/downloads/",
            "license": [
                "MIT"
            ],
            "authors": [
                {
                    "name": "Lucas Andersson",
                    "email": "lucas@careofhaus.se",
                    "homepage": "http://careofhaus.se"
                }
            ],
            "description": "WordPress Clean up",
            "homepage": "https://github.com/digitalunited/wordpress-clean-up",
            "keywords": [
                "cleanup",
                "plugin",
                "wordpress"
            ],
            "time": "2015-12-10 08:31:25"
        },
        {
            "name": "johnpbloch/wordpress",
            "version": "4.4.2",
            "source": {
                "type": "git",
                "url": "https://github.com/johnpbloch/wordpress.git",
                "reference": "fe9320de0793602084c600e22c0c5e0bb601a264"
            },
            "dist": {
                "type": "zip",
                "url": "https://api.github.com/repos/johnpbloch/wordpress/zipball/fe9320de0793602084c600e22c0c5e0bb601a264",
                "reference": "fe9320de0793602084c600e22c0c5e0bb601a264",
                "shasum": ""
            },
            "require": {
                "johnpbloch/wordpress-core-installer": "~0.2",
                "php": ">=5.3.2"
            },
            "type": "wordpress-core",
            "notification-url": "https://packagist.org/downloads/",
            "license": [
                "GPL-2.0+"
            ],
            "authors": [
                {
                    "name": "WordPress Community",
                    "homepage": "http://wordpress.org/about/"
                }
            ],
            "description": "WordPress is web software you can use to create a beautiful website or blog.",
            "homepage": "http://wordpress.org/",
            "keywords": [
                "blog",
                "cms"
            ],
            "time": "2016-02-02 17:16:14"
        },
        {
            "name": "johnpbloch/wordpress-core-installer",
            "version": "0.2.1",
            "source": {
                "type": "git",
                "url": "https://github.com/johnpbloch/wordpress-core-installer.git",
                "reference": "a04c2c383ef13aae077f36799ed2eafdebd618d2"
            },
            "dist": {
                "type": "zip",
                "url": "https://api.github.com/repos/johnpbloch/wordpress-core-installer/zipball/a04c2c383ef13aae077f36799ed2eafdebd618d2",
                "reference": "a04c2c383ef13aae077f36799ed2eafdebd618d2",
                "shasum": ""
            },
            "require": {
                "composer-plugin-api": "^1.0"
            },
            "conflict": {
                "composer/installers": "<1.0.6"
            },
            "require-dev": {
                "composer/composer": "1.0.*@dev"
            },
            "type": "composer-plugin",
            "extra": {
                "class": "johnpbloch\\Composer\\WordPressCorePlugin"
            },
            "autoload": {
                "psr-0": {
                    "johnpbloch\\Composer\\": "src/"
                }
            },
            "notification-url": "https://packagist.org/downloads/",
            "license": [
                "GPL-2.0+"
            ],
            "authors": [
                {
                    "name": "John P. Bloch",
                    "email": "me@johnpbloch.com"
                }
            ],
            "description": "A custom installer to handle deploying WordPress with composer",
            "keywords": [
                "wordpress"
            ],
            "time": "2015-06-11 15:15:30"
        },
        {
            "name": "roots/soil",
            "version": "3.6.2",
            "source": {
                "type": "git",
                "url": "https://github.com/roots/soil.git",
                "reference": "8b534d4b271033d22b8fa0d055c740f7f9c4ca58"
            },
            "dist": {
                "type": "zip",
                "url": "https://api.github.com/repos/roots/soil/zipball/8b534d4b271033d22b8fa0d055c740f7f9c4ca58",
                "reference": "8b534d4b271033d22b8fa0d055c740f7f9c4ca58",
                "shasum": ""
            },
            "require": {
                "composer/installers": "~1.0",
                "php": ">=5.4.0"
            },
            "type": "wordpress-plugin",
            "notification-url": "https://packagist.org/downloads/",
            "license": [
                "MIT"
            ],
            "authors": [
                {
                    "name": "Scott Walkinshaw",
                    "email": "scott.walkinshaw@gmail.com",
                    "homepage": "https://github.com/swalkinshaw"
                },
                {
                    "name": "Ben Word",
                    "email": "ben@benword.com",
                    "homepage": "https://github.com/retlehs"
                }
            ],
            "description": "A WordPress plugin which contains a collection of modules to apply theme-agnostic front-end modifications",
            "homepage": "https://roots.io/plugins/soil/",
            "keywords": [
                "wordpress"
            ],
            "time": "2015-12-24 19:42:34"
        },
        {
            "name": "vlucas/phpdotenv",
            "version": "v1.0.9",
            "source": {
                "type": "git",
                "url": "https://github.com/vlucas/phpdotenv.git",
                "reference": "56c252d48dce336da97926591aed71805203815b"
            },
            "dist": {
                "type": "zip",
                "url": "https://api.github.com/repos/vlucas/phpdotenv/zipball/56c252d48dce336da97926591aed71805203815b",
                "reference": "56c252d48dce336da97926591aed71805203815b",
                "shasum": ""
            },
            "require": {
                "php": ">=5.3.2"
            },
            "require-dev": {
                "phpunit/phpunit": "~4.0"
            },
            "type": "library",
            "extra": {
                "branch-alias": {
                    "dev-master": "1.0-dev"
                }
            },
            "autoload": {
                "psr-0": {
                    "Dotenv": "src/"
                }
            },
            "notification-url": "https://packagist.org/downloads/",
            "license": [
                "BSD"
            ],
            "authors": [
                {
                    "name": "Vance Lucas",
                    "email": "vance@vancelucas.com",
                    "homepage": "http://www.vancelucas.com"
                }
            ],
            "description": "Loads environment variables from `.env` to `getenv()`, `$_ENV` and `$_SERVER` automagically.",
            "homepage": "http://github.com/vlucas/phpdotenv",
            "keywords": [
                "dotenv",
                "env",
                "environment"
            ],
            "time": "2014-10-16 14:50:21"
        },
        {
            "name": "wpackagist-plugin/cms-tree-page-view",
            "version": "1.2.34",
            "source": {
                "type": "svn",
                "url": "http://plugins.svn.wordpress.org/cms-tree-page-view/",
                "reference": "tags/1.2.34"
            },
            "dist": {
                "type": "zip",
                "url": "https://downloads.wordpress.org/plugin/cms-tree-page-view.1.2.34.zip",
                "reference": null,
                "shasum": null
            },
            "require": {
                "composer/installers": "~1.0"
            },
            "type": "wordpress-plugin",
            "homepage": "https://wordpress.org/plugins/cms-tree-page-view/"
        },
        {
            "name": "wpackagist-plugin/disable-comments",
            "version": "1.4",
            "source": {
                "type": "svn",
                "url": "http://plugins.svn.wordpress.org/disable-comments/",
                "reference": "tags/1.4"
            },
            "dist": {
                "type": "zip",
                "url": "https://downloads.wordpress.org/plugin/disable-comments.1.4.zip",
                "reference": null,
                "shasum": null
            },
            "require": {
                "composer/installers": "~1.0"
            },
            "type": "wordpress-plugin",
            "homepage": "https://wordpress.org/plugins/disable-comments/"
        },
        {
            "name": "wpackagist-plugin/filenames-to-latin",
            "version": "2.0",
            "source": {
                "type": "svn",
                "url": "http://plugins.svn.wordpress.org/filenames-to-latin/",
                "reference": "tags/2.0"
            },
            "dist": {
                "type": "zip",
                "url": "https://downloads.wordpress.org/plugin/filenames-to-latin.2.0.zip",
                "reference": null,
                "shasum": null
            },
            "require": {
                "composer/installers": "~1.0"
            },
            "type": "wordpress-plugin",
            "homepage": "https://wordpress.org/plugins/filenames-to-latin/"
        },
        {
            "name": "wpackagist-plugin/google-analytics-for-wordpress",
            "version": "5.4.6",
            "source": {
                "type": "svn",
                "url": "http://plugins.svn.wordpress.org/google-analytics-for-wordpress/",
                "reference": "tags/5.4.6"
            },
            "dist": {
                "type": "zip",
                "url": "https://downloads.wordpress.org/plugin/google-analytics-for-wordpress.5.4.6.zip",
                "reference": null,
                "shasum": null
            },
            "require": {
                "composer/installers": "~1.0"
            },
            "type": "wordpress-plugin",
            "homepage": "https://wordpress.org/plugins/google-analytics-for-wordpress/"
        },
        {
            "name": "wpackagist-plugin/post-duplicator",
            "version": "2.14",
            "source": {
                "type": "svn",
                "url": "http://plugins.svn.wordpress.org/post-duplicator/",
                "reference": "trunk"
            },
            "dist": {
                "type": "zip",
                "url": "https://downloads.wordpress.org/plugin/post-duplicator.zip",
                "reference": null,
                "shasum": null
            },
            "require": {
                "composer/installers": "~1.0"
            },
            "type": "wordpress-plugin",
            "homepage": "https://wordpress.org/plugins/post-duplicator/"
        },
        {
            "name": "wpackagist-plugin/redirection",
            "version": "2.4.3",
            "source": {
                "type": "svn",
                "url": "http://plugins.svn.wordpress.org/redirection/",
                "reference": "tags/2.4.3"
            },
            "dist": {
                "type": "zip",
                "url": "https://downloads.wordpress.org/plugin/redirection.2.4.3.zip",
                "reference": null,
                "shasum": null
            },
            "require": {
                "composer/installers": "~1.0"
            },
            "type": "wordpress-plugin",
            "homepage": "https://wordpress.org/plugins/redirection/"
        },
        {
            "name": "wpackagist-plugin/wordpress-seo",
            "version": "3.0.7",
            "source": {
                "type": "svn",
                "url": "http://plugins.svn.wordpress.org/wordpress-seo/",
                "reference": "tags/3.0.7"
            },
            "dist": {
                "type": "zip",
                "url": "https://downloads.wordpress.org/plugin/wordpress-seo.3.0.7.zip",
                "reference": null,
                "shasum": null
            },
            "require": {
                "composer/installers": "~1.0"
            },
            "type": "wordpress-plugin",
            "homepage": "https://wordpress.org/plugins/wordpress-seo/"
        }
    ],
    "packages-dev": [],
    "aliases": [],
    "minimum-stability": "stable",
    "stability-flags": {
        "careofhaus/advanced-custom-fields-pro": 20,
        "careofhaus/visual-composer": 20,
        "careofhaus/gravityforms": 20
    },
    "prefer-stable": false,
    "prefer-lowest": false,
    "platform": {
        "php": ">=5.5"
    },
    "platform-dev": []
}
